
Microsoft Visual Studio Solution File, Format Version 12.00
# Visual Studio Version 17
VisualStudioVersion = 17.14.36518.9
MinimumVisualStudioVersion = 10.0.40219.1
Project("{FAE04EC0-301F-11D3-BF4B-00C04F79EFBC}") = "CleanArchitecture_2025.Domain", "CleanArchitecture_2025.Domain\CleanArchitecture_2025.Domain.csproj", "{BD278041-DC8C-422C-98B7-2E5C32216D68}"
EndProject
Project("{FAE04EC0-301F-11D3-BF4B-00C04F79EFBC}") = "CleanArchitecture_2025.Application", "CleanArchitecture_2025.Application\CleanArchitecture_2025.Application.csproj", "{DE30BF7A-832D-447C-8D29-E7153AC868CF}"
EndProject
Project("{FAE04EC0-301F-11D3-BF4B-00C04F79EFBC}") = "CleanArchitecture_2025.Infrastructure", "CleanArchitecture_2025.Infrastructure\CleanArchitecture_2025.Infrastructure.csproj", "{6C8B49FB-5F8A-41F3-8A64-1C20D46E680C}"
EndProject
Project("{FAE04EC0-301F-11D3-BF4B-00C04F79EFBC}") = "CleanArchitecture_2025.WebAPI", "CleanArchitecture_2025.WebAPI\CleanArchitecture_2025.WebAPI.csproj", "{F30C4967-9EC8-4CCC-341E-5B11BEA8FE44}"
EndProject
Project("{FAE04EC0-301F-11D3-BF4B-00C04F79EFBC}") = "CleanArchitecture_2025.AppHost", "CleanArchitecture_2025.AppHost\CleanArchitecture_2025.AppHost.csproj", "{C9580034-081C-440B-84DC-86FCA1AED63A}"
EndProject
Project("{FAE04EC0-301F-11D3-BF4B-00C04F79EFBC}") = "CleanArchitecture_2025.ServiceDefaults", "CleanArchitecture_2025.ServiceDefaults\CleanArchitecture_2025.ServiceDefaults.csproj", "{953AE77D-E055-6CEB-838E-FF5ECCEE6531}"
EndProject
Global
	GlobalSection(SolutionConfigurationPlatforms) = preSolution
		Debug|Any CPU = Debug|Any CPU
		Release|Any CPU = Release|Any CPU
	EndGlobalSection
	GlobalSection(ProjectConfigurationPlatforms) = postSolution
		{BD278041-DC8C-422C-98B7-2E5C32216D68}.Debug|Any CPU.ActiveCfg = Debug|Any CPU
		{BD278041-DC8C-422C-98B7-2E5C32216D68}.Debug|Any CPU.Build.0 = Debug|Any CPU
		{BD278041-DC8C-422C-98B7-2E5C32216D68}.Release|Any CPU.ActiveCfg = Release|Any CPU
		{BD278041-DC8C-422C-98B7-2E5C32216D68}.Release|Any CPU.Build.0 = Release|Any CPU
		{DE30BF7A-832D-447C-8D29-E7153AC868CF}.Debug|Any CPU.ActiveCfg = Debug|Any CPU
		{DE30BF7A-832D-447C-8D29-E7153AC868CF}.Debug|Any CPU.Build.0 = Debug|Any CPU
		{DE30BF7A-832D-447C-8D29-E7153AC868CF}.Release|Any CPU.ActiveCfg = Release|Any CPU
		{DE30BF7A-832D-447C-8D29-E7153AC868CF}.Release|Any CPU.Build.0 = Release|Any CPU
		{6C8B49FB-5F8A-41F3-8A64-1C20D46E680C}.Debug|Any CPU.ActiveCfg = Debug|Any CPU
		{6C8B49FB-5F8A-41F3-8A64-1C20D46E680C}.Debug|Any CPU.Build.0 = Debug|Any CPU
		{6C8B49FB-5F8A-41F3-8A64-1C20D46E680C}.Release|Any CPU.ActiveCfg = Release|Any CPU
		{6C8B49FB-5F8A-41F3-8A64-1C20D46E680C}.Release|Any CPU.Build.0 = Release|Any CPU
		{F30C4967-9EC8-4CCC-341E-5B11BEA8FE44}.Debug|Any CPU.ActiveCfg = Debug|Any CPU
		{F30C4967-9EC8-4CCC-341E-5B11BEA8FE44}.Debug|Any CPU.Build.0 = Debug|Any CPU
		{F30C4967-9EC8-4CCC-341E-5B11BEA8FE44}.Release|Any CPU.ActiveCfg = Release|Any CPU
		{F30C4967-9EC8-4CCC-341E-5B11BEA8FE44}.Release|Any CPU.Build.0 = Release|Any CPU
		{C9580034-081C-440B-84DC-86FCA1AED63A}.Debug|Any CPU.ActiveCfg = Debug|Any CPU
		{C9580034-081C-440B-84DC-86FCA1AED63A}.Debug|Any CPU.Build.0 = Debug|Any CPU
		{C9580034-081C-440B-84DC-86FCA1AED63A}.Release|Any CPU.ActiveCfg = Release|Any CPU
		{C9580034-081C-440B-84DC-86FCA1AED63A}.Release|Any CPU.Build.0 = Release|Any CPU
		{953AE77D-E055-6CEB-838E-FF5ECCEE6531}.Debug|Any CPU.ActiveCfg = Debug|Any CPU
		{953AE77D-E055-6CEB-838E-FF5ECCEE6531}.Debug|Any CPU.Build.0 = Debug|Any CPU
		{953AE77D-E055-6CEB-838E-FF5ECCEE6531}.Release|Any CPU.ActiveCfg = Release|Any CPU
		{953AE77D-E055-6CEB-838E-FF5ECCEE6531}.Release|Any CPU.Build.0 = Release|Any CPU
	EndGlobalSection
	GlobalSection(SolutionProperties) = preSolution
		HideSolutionNode = FALSE
	EndGlobalSection
	GlobalSection(ExtensibilityGlobals) = postSolution
		SolutionGuid = {651266E0-13CF-4BB6-B2E6-51DE15CFCE0C}
	EndGlobalSection
EndGlobal
